
Microsoft Visual Studio Solution File, Format Version 12.00
# Visual Studio Version 17
VisualStudioVersion = 17.13.35825.156 d17.13
MinimumVisualStudioVersion = 10.0.40219.1
Project("{FAE04EC0-301F-11D3-BF4B-00C04F79EFBC}") = "VehicleRental", "VehicleRental\VehicleRental.csproj", "{A9A1175F-E6C6-4DB3-BDFA-FBDCC387CA0D}"
EndProject
Global
	GlobalSection(SolutionConfigurationPlatforms) = preSolution
		Debug|Any CPU = Debug|Any CPU
		Release|Any CPU = Release|Any CPU
	EndGlobalSection
	GlobalSection(ProjectConfigurationPlatforms) = postSolution
		{A9A1175F-E6C6-4DB3-BDFA-FBDCC387CA0D}.Debug|Any CPU.ActiveCfg = Debug|Any CPU
		{A9A1175F-E6C6-4DB3-BDFA-FBDCC387CA0D}.Debug|Any CPU.Build.0 = Debug|Any CPU
		{A9A1175F-E6C6-4DB3-BDFA-FBDCC387CA0D}.Release|Any CPU.ActiveCfg = Release|Any CPU
		{A9A1175F-E6C6-4DB3-BDFA-FBDCC387CA0D}.Release|Any CPU.Build.0 = Release|Any CPU
	EndGlobalSection
	GlobalSection(SolutionProperties) = preSolution
		HideSolutionNode = FALSE
	EndGlobalSection
	GlobalSection(ExtensibilityGlobals) = postSolution
		SolutionGuid = {CEB22950-DCB0-4E3A-8E92-2975723A414D}
	EndGlobalSection
EndGlobal
